
Microsoft Visual Studio Solution File, Format Version 12.00
# Visual Studio 2013
VisualStudioVersion = 12.0.30501.0
MinimumVisualStudioVersion = 10.0.40219.1
Project("{FAE04EC0-301F-11D3-BF4B-00C04F79EFBC}") = "StatusHttpServer", "StatusHttpServer\StatusHttpServer.csproj", "{FFA535F9-07F3-4CC8-87CF-7A09816326B1}"
EndProject
Project("{FAE04EC0-301F-11D3-BF4B-00C04F79EFBC}") = "StatusHttpClient", "StatusHttpClient\StatusHttpClient.csproj", "{FA2E894F-D1A2-4B53-802A-75250704F83D}"
EndProject
Project("{FAE04EC0-301F-11D3-BF4B-00C04F79EFBC}") = "StatusHttpClient.Tests", "StatusHttpClient.Tests\StatusHttpClient.Tests.csproj", "{4E7FF27A-5393-4602-A1D2-5FB74EA48417}"
EndProject
Global
	GlobalSection(SolutionConfigurationPlatforms) = preSolution
		Debug|Any CPU = Debug|Any CPU
		Release|Any CPU = Release|Any CPU
	EndGlobalSection
	GlobalSection(ProjectConfigurationPlatforms) = postSolution
		{FFA535F9-07F3-4CC8-87CF-7A09816326B1}.Debug|Any CPU.ActiveCfg = Debug|Any CPU
		{FFA535F9-07F3-4CC8-87CF-7A09816326B1}.Debug|Any CPU.Build.0 = Debug|Any CPU
		{FFA535F9-07F3-4CC8-87CF-7A09816326B1}.Release|Any CPU.ActiveCfg = Release|Any CPU
		{FFA535F9-07F3-4CC8-87CF-7A09816326B1}.Release|Any CPU.Build.0 = Release|Any CPU
		{FA2E894F-D1A2-4B53-802A-75250704F83D}.Debug|Any CPU.ActiveCfg = Debug|Any CPU
		{FA2E894F-D1A2-4B53-802A-75250704F83D}.Debug|Any CPU.Build.0 = Debug|Any CPU
		{FA2E894F-D1A2-4B53-802A-75250704F83D}.Release|Any CPU.ActiveCfg = Release|Any CPU
		{FA2E894F-D1A2-4B53-802A-75250704F83D}.Release|Any CPU.Build.0 = Release|Any CPU
		{4E7FF27A-5393-4602-A1D2-5FB74EA48417}.Debug|Any CPU.ActiveCfg = Debug|Any CPU
		{4E7FF27A-5393-4602-A1D2-5FB74EA48417}.Debug|Any CPU.Build.0 = Debug|Any CPU
		{4E7FF27A-5393-4602-A1D2-5FB74EA48417}.Release|Any CPU.ActiveCfg = Release|Any CPU
		{4E7FF27A-5393-4602-A1D2-5FB74EA48417}.Release|Any CPU.Build.0 = Release|Any CPU
	EndGlobalSection
	GlobalSection(SolutionProperties) = preSolution
		HideSolutionNode = FALSE
	EndGlobalSection
EndGlobal
